
Microsoft Visual Studio Solution File, Format Version 12.00
# Visual Studio 15
VisualStudioVersion = 15.0.28307.757
MinimumVisualStudioVersion = 10.0.40219.1
Project("{9A19103F-16F7-4668-BE54-9A1E7A4F7556}") = "TestWebApi1", "TestWebApi1\TestWebApi1.csproj", "{DA4870A6-B84D-4FCB-9545-B9D2FC52AB0F}"
EndProject
Project("{FAE04EC0-301F-11D3-BF4B-00C04F79EFBC}") = "TestWebApi1.Infrastructure", "TestWebApi1.Infrastructure\TestWebApi1.Infrastructure.csproj", "{7275DF18-369B-4629-9F3F-DAFDFEDEA4AB}"
EndProject
Project("{FAE04EC0-301F-11D3-BF4B-00C04F79EFBC}") = "TestWebApi1.Domain", "TestWebApi1.Domain\TestWebApi1.Domain.csproj", "{45F540B8-5533-401F-8A7C-A9C318E6573A}"
EndProject
Global
	GlobalSection(SolutionConfigurationPlatforms) = preSolution
		Debug|Any CPU = Debug|Any CPU
		Release|Any CPU = Release|Any CPU
	EndGlobalSection
	GlobalSection(ProjectConfigurationPlatforms) = postSolution
		{DA4870A6-B84D-4FCB-9545-B9D2FC52AB0F}.Debug|Any CPU.ActiveCfg = Debug|Any CPU
		{DA4870A6-B84D-4FCB-9545-B9D2FC52AB0F}.Debug|Any CPU.Build.0 = Debug|Any CPU
		{DA4870A6-B84D-4FCB-9545-B9D2FC52AB0F}.Release|Any CPU.ActiveCfg = Release|Any CPU
		{DA4870A6-B84D-4FCB-9545-B9D2FC52AB0F}.Release|Any CPU.Build.0 = Release|Any CPU
		{7275DF18-369B-4629-9F3F-DAFDFEDEA4AB}.Debug|Any CPU.ActiveCfg = Debug|Any CPU
		{7275DF18-369B-4629-9F3F-DAFDFEDEA4AB}.Debug|Any CPU.Build.0 = Debug|Any CPU
		{7275DF18-369B-4629-9F3F-DAFDFEDEA4AB}.Release|Any CPU.ActiveCfg = Release|Any CPU
		{7275DF18-369B-4629-9F3F-DAFDFEDEA4AB}.Release|Any CPU.Build.0 = Release|Any CPU
		{45F540B8-5533-401F-8A7C-A9C318E6573A}.Debug|Any CPU.ActiveCfg = Debug|Any CPU
		{45F540B8-5533-401F-8A7C-A9C318E6573A}.Debug|Any CPU.Build.0 = Debug|Any CPU
		{45F540B8-5533-401F-8A7C-A9C318E6573A}.Release|Any CPU.ActiveCfg = Release|Any CPU
		{45F540B8-5533-401F-8A7C-A9C318E6573A}.Release|Any CPU.Build.0 = Release|Any CPU
	EndGlobalSection
	GlobalSection(SolutionProperties) = preSolution
		HideSolutionNode = FALSE
	EndGlobalSection
	GlobalSection(ExtensibilityGlobals) = postSolution
		SolutionGuid = {21B854C7-E0C8-46EB-9A92-156CDD25317D}
	EndGlobalSection
EndGlobal
